
Microsoft Visual Studio Solution File, Format Version 12.00
# Visual Studio 15
Project("{FAE04EC0-301F-11D3-BF4B-00C04F79EFBC}") = "Assembly-CSharp", "Assembly-CSharp.csproj", "{ADA59914-E892-0246-2F44-0406E5D68F97}"
EndProject
Project("{FAE04EC0-301F-11D3-BF4B-00C04F79EFBC}") = "Assembly-CSharp-firstpass", "Assembly-CSharp-firstpass.csproj", "{EDD6DADF-7E4D-B672-B82A-5D793BEAE45B}"
EndProject
Project("{FAE04EC0-301F-11D3-BF4B-00C04F79EFBC}") = "NavMeshComponents", "NavMeshComponents.csproj", "{B168C011-C924-E831-778C-19DCA9F41FB0}"
EndProject
Project("{FAE04EC0-301F-11D3-BF4B-00C04F79EFBC}") = "Assembly-CSharp-Editor-firstpass", "Assembly-CSharp-Editor-firstpass.csproj", "{1709E923-7286-492C-ACD7-88426254F66B}"
EndProject
Project("{FAE04EC0-301F-11D3-BF4B-00C04F79EFBC}") = "NavMeshComponentsEditor", "NavMeshComponentsEditor.csproj", "{C5E2EBEB-52D2-2A1D-48BC-4BE548099E0A}"
EndProject
Project("{FAE04EC0-301F-11D3-BF4B-00C04F79EFBC}") = "Assembly-CSharp-Editor", "Assembly-CSharp-Editor.csproj", "{35BB5ABC-F89E-5DFB-4A2A-FF7636A53B05}"
EndProject
Global
	GlobalSection(SolutionConfigurationPlatforms) = preSolution
		Debug|Any CPU = Debug|Any CPU
		Release|Any CPU = Release|Any CPU
	EndGlobalSection
	GlobalSection(ProjectConfigurationPlatforms) = postSolution
		{ADA59914-E892-0246-2F44-0406E5D68F97}.Debug|Any CPU.ActiveCfg = Debug|Any CPU
		{ADA59914-E892-0246-2F44-0406E5D68F97}.Debug|Any CPU.Build.0 = Debug|Any CPU
		{ADA59914-E892-0246-2F44-0406E5D68F97}.Release|Any CPU.ActiveCfg = Release|Any CPU
		{ADA59914-E892-0246-2F44-0406E5D68F97}.Release|Any CPU.Build.0 = Release|Any CPU
		{EDD6DADF-7E4D-B672-B82A-5D793BEAE45B}.Debug|Any CPU.ActiveCfg = Debug|Any CPU
		{EDD6DADF-7E4D-B672-B82A-5D793BEAE45B}.Debug|Any CPU.Build.0 = Debug|Any CPU
		{EDD6DADF-7E4D-B672-B82A-5D793BEAE45B}.Release|Any CPU.ActiveCfg = Release|Any CPU
		{EDD6DADF-7E4D-B672-B82A-5D793BEAE45B}.Release|Any CPU.Build.0 = Release|Any CPU
		{B168C011-C924-E831-778C-19DCA9F41FB0}.Debug|Any CPU.ActiveCfg = Debug|Any CPU
		{B168C011-C924-E831-778C-19DCA9F41FB0}.Debug|Any CPU.Build.0 = Debug|Any CPU
		{B168C011-C924-E831-778C-19DCA9F41FB0}.Release|Any CPU.ActiveCfg = Release|Any CPU
		{B168C011-C924-E831-778C-19DCA9F41FB0}.Release|Any CPU.Build.0 = Release|Any CPU
		{1709E923-7286-492C-ACD7-88426254F66B}.Debug|Any CPU.ActiveCfg = Debug|Any CPU
		{1709E923-7286-492C-ACD7-88426254F66B}.Debug|Any CPU.Build.0 = Debug|Any CPU
		{1709E923-7286-492C-ACD7-88426254F66B}.Release|Any CPU.ActiveCfg = Release|Any CPU
		{1709E923-7286-492C-ACD7-88426254F66B}.Release|Any CPU.Build.0 = Release|Any CPU
		{C5E2EBEB-52D2-2A1D-48BC-4BE548099E0A}.Debug|Any CPU.ActiveCfg = Debug|Any CPU
		{C5E2EBEB-52D2-2A1D-48BC-4BE548099E0A}.Debug|Any CPU.Build.0 = Debug|Any CPU
		{C5E2EBEB-52D2-2A1D-48BC-4BE548099E0A}.Release|Any CPU.ActiveCfg = Release|Any CPU
		{C5E2EBEB-52D2-2A1D-48BC-4BE548099E0A}.Release|Any CPU.Build.0 = Release|Any CPU
		{35BB5ABC-F89E-5DFB-4A2A-FF7636A53B05}.Debug|Any CPU.ActiveCfg = Debug|Any CPU
		{35BB5ABC-F89E-5DFB-4A2A-FF7636A53B05}.Debug|Any CPU.Build.0 = Debug|Any CPU
		{35BB5ABC-F89E-5DFB-4A2A-FF7636A53B05}.Release|Any CPU.ActiveCfg = Release|Any CPU
		{35BB5ABC-F89E-5DFB-4A2A-FF7636A53B05}.Release|Any CPU.Build.0 = Release|Any CPU
	EndGlobalSection
	GlobalSection(SolutionProperties) = preSolution
		HideSolutionNode = FALSE
	EndGlobalSection
EndGlobal
